// !$*UTF8*$!
{
	archiveVersion = 1;
	classes = {
	};
	objectVersion = 56;
	objects = {

/* Begin PBXBuildFile section */
		926C8340E1BDF05AF95E018A /* Pods_RouteToARM64SimSampleProject.framework in Frameworks */ = {isa = PBXBuildFile; fileRef = 5BB870575E74F74B097B4AE1 /* Pods_RouteToARM64SimSampleProject.framework */; };
		D20FBB2428F075A5009703BF /* MNNExample.cpp in Sources */ = {isa = PBXBuildFile; fileRef = D20FBB2228F075A5009703BF /* MNNExample.cpp */; };
		D20FBB2728F07950009703BF /* LibyuvExample.cpp in Sources */ = {isa = PBXBuildFile; fileRef = D20FBB2528F07950009703BF /* LibyuvExample.cpp */; };
		D24E436428E32892005C006A /* AppDelegate.swift in Sources */ = {isa = PBXBuildFile; fileRef = D24E436328E32892005C006A /* AppDelegate.swift */; };
		D24E436828E32892005C006A /* MainAppViewController.swift in Sources */ = {isa = PBXBuildFile; fileRef = D24E436728E32892005C006A /* MainAppViewController.swift */; };
		D24E436B28E32892005C006A /* Main.storyboard in Resources */ = {isa = PBXBuildFile; fileRef = D24E436928E32892005C006A /* Main.storyboard */; };
		D24E436D28E32894005C006A /* Assets.xcassets in Resources */ = {isa = PBXBuildFile; fileRef = D24E436C28E32894005C006A /* Assets.xcassets */; };
		D24E437028E32894005C006A /* LaunchScreen.storyboard in Resources */ = {isa = PBXBuildFile; fileRef = D24E436E28E32894005C006A /* LaunchScreen.storyboard */; };
/* End PBXBuildFile section */

/* Begin PBXFileReference section */
		4840650CD35B30A45BBA28DE /* Pods-RouteToARM64SimSampleProject.release.xcconfig */ = {isa = PBXFileReference; includeInIndex = 1; lastKnownFileType = text.xcconfig; name = "Pods-RouteToARM64SimSampleProject.release.xcconfig"; path = "Target Support Files/Pods-RouteToARM64SimSampleProject/Pods-RouteToARM64SimSampleProject.release.xcconfig"; sourceTree = "<group>"; };
		5BB870575E74F74B097B4AE1 /* Pods_RouteToARM64SimSampleProject.framework */ = {isa = PBXFileReference; explicitFileType = wrapper.framework; includeInIndex = 0; path = Pods_RouteToARM64SimSampleProject.framework; sourceTree = BUILT_PRODUCTS_DIR; };
		D20FBB2228F075A5009703BF /* MNNExample.cpp */ = {isa = PBXFileReference; lastKnownFileType = sourcecode.cpp.cpp; path = MNNExample.cpp; sourceTree = "<group>"; };
		D20FBB2528F07950009703BF /* LibyuvExample.cpp */ = {isa = PBXFileReference; lastKnownFileType = sourcecode.cpp.cpp; path = LibyuvExample.cpp; sourceTree = "<group>"; };
		D24E436028E32892005C006A /* RouteToARM64SimSampleProject.app */ = {isa = PBXFileReference; explicitFileType = wrapper.application; includeInIndex = 0; path = RouteToARM64SimSampleProject.app; sourceTree = BUILT_PRODUCTS_DIR; };
		D24E436328E32892005C006A /* AppDelegate.swift */ = {isa = PBXFileReference; lastKnownFileType = sourcecode.swift; path = AppDelegate.swift; sourceTree = "<group>"; };
		D24E436728E32892005C006A /* MainAppViewController.swift */ = {isa = PBXFileReference; lastKnownFileType = sourcecode.swift; path = MainAppViewController.swift; sourceTree = "<group>"; };
		D24E436A28E32892005C006A /* Base */ = {isa = PBXFileReference; lastKnownFileType = file.storyboard; name = Base; path = Base.lproj/Main.storyboard; sourceTree = "<group>"; };
		D24E436C28E32894005C006A /* Assets.xcassets */ = {isa = PBXFileReference; lastKnownFileType = folder.assetcatalog; path = Assets.xcassets; sourceTree = "<group>"; };
		D24E436F28E32894005C006A /* Base */ = {isa = PBXFileReference; lastKnownFileType = file.storyboard; name = Base; path = Base.lproj/LaunchScreen.storyboard; sourceTree = "<group>"; };
		D6BE879DF56EAD5FB1450EB4 /* Pods-RouteToARM64SimSampleProject.debug.xcconfig */ = {isa = PBXFileReference; includeInIndex = 1; lastKnownFileType = text.xcconfig; name = "Pods-RouteToARM64SimSampleProject.debug.xcconfig"; path = "Target Support Files/Pods-RouteToARM64SimSampleProject/Pods-RouteToARM64SimSampleProject.debug.xcconfig"; sourceTree = "<group>"; };
/* End PBXFileReference section */

/* Begin PBXFrameworksBuildPhase section */
		D24E435D28E32892005C006A /* Frameworks */ = {
			isa = PBXFrameworksBuildPhase;
			buildActionMask = 2147483647;
			files = (
				926C8340E1BDF05AF95E018A /* Pods_RouteToARM64SimSampleProject.framework in Frameworks */,
			);
			runOnlyForDeploymentPostprocessing = 0;
		};
/* End PBXFrameworksBuildPhase section */

/* Begin PBXGroup section */
		3DE8E2EF563697F19BCF2969 /* Pods */ = {
			isa = PBXGroup;
			children = (
				D6BE879DF56EAD5FB1450EB4 /* Pods-RouteToARM64SimSampleProject.debug.xcconfig */,
				4840650CD35B30A45BBA28DE /* Pods-RouteToARM64SimSampleProject.release.xcconfig */,
			);
			path = Pods;
			sourceTree = "<group>";
		};
		93044800451C232792854A65 /* Frameworks */ = {
			isa = PBXGroup;
			children = (
				5BB870575E74F74B097B4AE1 /* Pods_RouteToARM64SimSampleProject.framework */,
			);
			name = Frameworks;
			sourceTree = "<group>";
		};
		D24E435728E32892005C006A = {
			isa = PBXGroup;
			children = (
				D24E436228E32892005C006A /* RouteToARM64SimSampleProject */,
				D24E436128E32892005C006A /* Products */,
				3DE8E2EF563697F19BCF2969 /* Pods */,
				93044800451C232792854A65 /* Frameworks */,
			);
			sourceTree = "<group>";
		};
		D24E436128E32892005C006A /* Products */ = {
			isa = PBXGroup;
			children = (
				D24E436028E32892005C006A /* RouteToARM64SimSampleProject.app */,
			);
			name = Products;
			sourceTree = "<group>";
		};
		D24E436228E32892005C006A /* RouteToARM64SimSampleProject */ = {
			isa = PBXGroup;
			children = (
				D24E436328E32892005C006A /* AppDelegate.swift */,
				D24E436728E32892005C006A /* MainAppViewController.swift */,
				D24E436928E32892005C006A /* Main.storyboard */,
				D24E436C28E32894005C006A /* Assets.xcassets */,
				D24E436E28E32894005C006A /* LaunchScreen.storyboard */,
				D20FBB2228F075A5009703BF /* MNNExample.cpp */,
				D20FBB2528F07950009703BF /* LibyuvExample.cpp */,
			);
			path = RouteToARM64SimSampleProject;
			sourceTree = "<group>";
		};
/* End PBXGroup section */

/* Begin PBXNativeTarget section */
		D24E435F28E32892005C006A /* RouteToARM64SimSampleProject */ = {
			isa = PBXNativeTarget;
			buildConfigurationList = D24E437428E32894005C006A /* Build configuration list for PBXNativeTarget "RouteToARM64SimSampleProject" */;
			buildPhases = (
				B236E20E47717F5AD95F338F /* [CP] Check Pods Manifest.lock */,
				D24E435C28E32892005C006A /* Sources */,
				D24E435D28E32892005C006A /* Frameworks */,
				D24E435E28E32892005C006A /* Resources */,
				A491D3B5D0EA767595006FBE /* [CP] Copy Pods Resources */,
			);
			buildRules = (
			);
			dependencies = (
			);
			name = RouteToARM64SimSampleProject;
			productName = RouteToARM64SimSampleProject;
			productReference = D24E436028E32892005C006A /* RouteToARM64SimSampleProject.app */;
			productType = "com.apple.product-type.application";
		};
/* End PBXNativeTarget section */

/* Begin PBXProject section */
		D24E435828E32892005C006A /* Project object */ = {
			isa = PBXProject;
			attributes = {
				BuildIndependentTargetsInParallel = 1;
				LastSwiftUpdateCheck = 1400;
				LastUpgradeCheck = 1400;
				TargetAttributes = {
					D24E435F28E32892005C006A = {
						CreatedOnToolsVersion = 14.0;
						LastSwiftMigration = 1400;
					};
				};
			};
			buildConfigurationList = D24E435B28E32892005C006A /* Build configuration list for PBXProject "RouteToARM64SimSampleProject" */;
			compatibilityVersion = "Xcode 14.0";
			developmentRegion = en;
			hasScannedForEncodings = 0;
			knownRegions = (
				en,
				Base,
			);
			mainGroup = D24E435728E32892005C006A;
			productRefGroup = D24E436128E32892005C006A /* Products */;
			projectDirPath = "";
			projectRoot = "";
			targets = (
				D24E435F28E32892005C006A /* RouteToARM64SimSampleProject */,
			);
		};
/* End PBXProject section */

/* Begin PBXResourcesBuildPhase section */
		D24E435E28E32892005C006A /* Resources */ = {
			isa = PBXResourcesBuildPhase;
			buildActionMask = 2147483647;
			files = (
				D24E437028E32894005C006A /* LaunchScreen.storyboard in Resources */,
				D24E436D28E32894005C006A /* Assets.xcassets in Resources */,
				D24E436B28E32892005C006A /* Main.storyboard in Resources */,
			);
			runOnlyForDeploymentPostprocessing = 0;
		};
/* End PBXResourcesBuildPhase section */

/* Begin PBXShellScriptBuildPhase section */
		A491D3B5D0EA767595006FBE /* [CP] Copy Pods Resources */ = {
			isa = PBXShellScriptBuildPhase;
			buildActionMask = 2147483647;
			files = (
			);
			inputFileListPaths = (
				"${PODS_ROOT}/Target Support Files/Pods-RouteToARM64SimSampleProject/Pods-RouteToARM64SimSampleProject-resources-${CONFIGURATION}-input-files.xcfilelist",
			);
			name = "[CP] Copy Pods Resources";
			outputFileListPaths = (
				"${PODS_ROOT}/Target Support Files/Pods-RouteToARM64SimSampleProject/Pods-RouteToARM64SimSampleProject-resources-${CONFIGURATION}-output-files.xcfilelist",
			);
			runOnlyForDeploymentPostprocessing = 0;
			shellPath = /bin/sh;
			shellScript = "\"${PODS_ROOT}/Target Support Files/Pods-RouteToARM64SimSampleProject/Pods-RouteToARM64SimSampleProject-resources.sh\"\n";
			showEnvVarsInLog = 0;
		};
		B236E20E47717F5AD95F338F /* [CP] Check Pods Manifest.lock */ = {
			isa = PBXShellScriptBuildPhase;
			buildActionMask = 2147483647;
			files = (
			);
			inputFileListPaths = (
			);
			inputPaths = (
				"${PODS_PODFILE_DIR_PATH}/Podfile.lock",
				"${PODS_ROOT}/Manifest.lock",
			);
			name = "[CP] Check Pods Manifest.lock";
			outputFileListPaths = (
			);
			outputPaths = (
				"$(DERIVED_FILE_DIR)/Pods-RouteToARM64SimSampleProject-checkManifestLockResult.txt",
			);
			runOnlyForDeploymentPostprocessing = 0;
			shellPath = /bin/sh;
			shellScript = "diff \"${PODS_PODFILE_DIR_PATH}/Podfile.lock\" \"${PODS_ROOT}/Manifest.lock\" > /dev/null\nif [ $? != 0 ] ; then\n    # print error to STDERR\n    echo \"error: The sandbox is not in sync with the Podfile.lock. Run 'pod install' or update your CocoaPods installation.\" >&2\n    exit 1\nfi\n# This output is used by Xcode 'outputs' to avoid re-running this script phase.\necho \"SUCCESS\" > \"${SCRIPT_OUTPUT_FILE_0}\"\n";
			showEnvVarsInLog = 0;
		};
/* End PBXShellScriptBuildPhase section */

/* Begin PBXSourcesBuildPhase section */
		D24E435C28E32892005C006A /* Sources */ = {
			isa = PBXSourcesBuildPhase;
			buildActionMask = 2147483647;
			files = (
				D20FBB2428F075A5009703BF /* MNNExample.cpp in Sources */,
				D20FBB2728F07950009703BF /* LibyuvExample.cpp in Sources */,
				D24E436828E32892005C006A /* MainAppViewController.swift in Sources */,
				D24E436428E32892005C006A /* AppDelegate.swift in Sources */,
			);
			runOnlyForDeploymentPostprocessing = 0;
		};
/* End PBXSourcesBuildPhase section */

/* Begin PBXVariantGroup section */
		D24E436928E32892005C006A /* Main.storyboard */ = {
			isa = PBXVariantGroup;
			children = (
				D24E436A28E32892005C006A /* Base */,
			);
			name = Main.storyboard;
			sourceTree = "<group>";
		};
		D24E436E28E32894005C006A /* LaunchScreen.storyboard */ = {
			isa = PBXVariantGroup;
			children = (
				D24E436F28E32894005C006A /* Base */,
			);
			name = LaunchScreen.storyboard;
			sourceTree = "<group>";
		};
/* End PBXVariantGroup section */

/* Begin XCBuildConfiguration section */
		D24E437228E32894005C006A /* Debug */ = {
			isa = XCBuildConfiguration;
			buildSettings = {
				ALWAYS_SEARCH_USER_PATHS = NO;
				CLANG_ANALYZER_NONNULL = YES;
				CLANG_ANALYZER_NUMBER_OBJECT_CONVERSION = YES_AGGRESSIVE;
				CLANG_CXX_LANGUAGE_STANDARD = "gnu++20";
				CLANG_ENABLE_MODULES = YES;
				CLANG_ENABLE_OBJC_ARC = YES;
				CLANG_ENABLE_OBJC_WEAK = YES;
				CLANG_WARN_BLOCK_CAPTURE_AUTORELEASING = YES;
				CLANG_WARN_BOOL_CONVERSION = YES;
				CLANG_WARN_COMMA = YES;
				CLANG_WARN_CONSTANT_CONVERSION = YES;
				CLANG_WARN_DEPRECATED_OBJC_IMPLEMENTATIONS = YES;
				CLANG_WARN_DIRECT_OBJC_ISA_USAGE = YES_ERROR;
				CLANG_WARN_DOCUMENTATION_COMMENTS = YES;
				CLANG_WARN_EMPTY_BODY = YES;
				CLANG_WARN_ENUM_CONVERSION = YES;
				CLANG_WARN_INFINITE_RECURSION = YES;
				CLANG_WARN_INT_CONVERSION = YES;
				CLANG_WARN_NON_LITERAL_NULL_CONVERSION = YES;
				CLANG_WARN_OBJC_IMPLICIT_RETAIN_SELF = YES;
				CLANG_WARN_OBJC_LITERAL_CONVERSION = YES;
				CLANG_WARN_OBJC_ROOT_CLASS = YES_ERROR;
				CLANG_WARN_QUOTED_INCLUDE_IN_FRAMEWORK_HEADER = YES;
				CLANG_WARN_RANGE_LOOP_ANALYSIS = YES;
				CLANG_WARN_STRICT_PROTOTYPES = YES;
				CLANG_WARN_SUSPICIOUS_MOVE = YES;
				CLANG_WARN_UNGUARDED_AVAILABILITY = YES_AGGRESSIVE;
				CLANG_WARN_UNREACHABLE_CODE = YES;
				CLANG_WARN__DUPLICATE_METHOD_MATCH = YES;
				COPY_PHASE_STRIP = NO;
				DEBUG_INFORMATION_FORMAT = dwarf;
				ENABLE_STRICT_OBJC_MSGSEND = YES;
				ENABLE_TESTABILITY = YES;
				GCC_C_LANGUAGE_STANDARD = gnu11;
				GCC_DYNAMIC_NO_PIC = NO;
				GCC_NO_COMMON_BLOCKS = YES;
				GCC_OPTIMIZATION_LEVEL = 0;
				GCC_PREPROCESSOR_DEFINITIONS = (
					"DEBUG=1",
					"$(inherited)",
				);
				GCC_WARN_64_TO_32_BIT_CONVERSION = YES;
				GCC_WARN_ABOUT_RETURN_TYPE = YES_ERROR;
				GCC_WARN_UNDECLARED_SELECTOR = YES;
				GCC_WARN_UNINITIALIZED_AUTOS = YES_AGGRESSIVE;
				GCC_WARN_UNUSED_FUNCTION = YES;
				GCC_WARN_UNUSED_VARIABLE = YES;
				IPHONEOS_DEPLOYMENT_TARGET = 16.0;
				MTL_ENABLE_DEBUG_INFO = INCLUDE_SOURCE;
				MTL_FAST_MATH = YES;
				ONLY_ACTIVE_ARCH = YES;
				SDKROOT = iphoneos;
				SWIFT_ACTIVE_COMPILATION_CONDITIONS = DEBUG;
				SWIFT_OPTIMIZATION_LEVEL = "-Onone";
			};
			name = Debug;
		};
		D24E437328E32894005C006A /* Release */ = {
			isa = XCBuildConfiguration;
			buildSettings = {
				ALWAYS_SEARCH_USER_PATHS = NO;
				CLANG_ANALYZER_NONNULL = YES;
				CLANG_ANALYZER_NUMBER_OBJECT_CONVERSION = YES_AGGRESSIVE;
				CLANG_CXX_LANGUAGE_STANDARD = "gnu++20";
				CLANG_ENABLE_MODULES = YES;
				CLANG_ENABLE_OBJC_ARC = YES;
				CLANG_ENABLE_OBJC_WEAK = YES;
				CLANG_WARN_BLOCK_CAPTURE_AUTORELEASING = YES;
				CLANG_WARN_BOOL_CONVERSION = YES;
				CLANG_WARN_COMMA = YES;
				CLANG_WARN_CONSTANT_CONVERSION = YES;
				CLANG_WARN_DEPRECATED_OBJC_IMPLEMENTATIONS = YES;
				CLANG_WARN_DIRECT_OBJC_ISA_USAGE = YES_ERROR;
				CLANG_WARN_DOCUMENTATION_COMMENTS = YES;
				CLANG_WARN_EMPTY_BODY = YES;
				CLANG_WARN_ENUM_CONVERSION = YES;
				CLANG_WARN_INFINITE_RECURSION = YES;
				CLANG_WARN_INT_CONVERSION = YES;
				CLANG_WARN_NON_LITERAL_NULL_CONVERSION = YES;
				CLANG_WARN_OBJC_IMPLICIT_RETAIN_SELF = YES;
				CLANG_WARN_OBJC_LITERAL_CONVERSION = YES;
				CLANG_WARN_OBJC_ROOT_CLASS = YES_ERROR;
				CLANG_WARN_QUOTED_INCLUDE_IN_FRAMEWORK_HEADER = YES;
				CLANG_WARN_RANGE_LOOP_ANALYSIS = YES;
				CLANG_WARN_STRICT_PROTOTYPES = YES;
				CLANG_WARN_SUSPICIOUS_MOVE = YES;
				CLANG_WARN_UNGUARDED_AVAILABILITY = YES_AGGRESSIVE;
				CLANG_WARN_UNREACHABLE_CODE = YES;
				CLANG_WARN__DUPLICATE_METHOD_MATCH = YES;
				COPY_PHASE_STRIP = NO;
				DEBUG_INFORMATION_FORMAT = "dwarf-with-dsym";
				ENABLE_NS_ASSERTIONS = NO;
				ENABLE_STRICT_OBJC_MSGSEND = YES;
				GCC_C_LANGUAGE_STANDARD = gnu11;
				GCC_NO_COMMON_BLOCKS = YES;
				GCC_WARN_64_TO_32_BIT_CONVERSION = YES;
				GCC_WARN_ABOUT_RETURN_TYPE = YES_ERROR;
				GCC_WARN_UNDECLARED_SELECTOR = YES;
				GCC_WARN_UNINITIALIZED_AUTOS = YES_AGGRESSIVE;
				GCC_WARN_UNUSED_FUNCTION = YES;
				GCC_WARN_UNUSED_VARIABLE = YES;
				IPHONEOS_DEPLOYMENT_TARGET = 16.0;
				MTL_ENABLE_DEBUG_INFO = NO;
				MTL_FAST_MATH = YES;
				SDKROOT = iphoneos;
				SWIFT_COMPILATION_MODE = wholemodule;
				SWIFT_OPTIMIZATION_LEVEL = "-O";
				VALIDATE_PRODUCT = YES;
			};
			name = Release;
		};
		D24E437528E32894005C006A /* Debug */ = {
			isa = XCBuildConfiguration;
			baseConfigurationReference = D6BE879DF56EAD5FB1450EB4 /* Pods-RouteToARM64SimSampleProject.debug.xcconfig */;
			buildSettings = {
				ASSETCATALOG_COMPILER_APPICON_NAME = AppIcon;
				ASSETCATALOG_COMPILER_GLOBAL_ACCENT_COLOR_NAME = AccentColor;
				CLANG_ENABLE_MODULES = YES;
				CODE_SIGN_STYLE = Automatic;
				CURRENT_PROJECT_VERSION = 1;
				DEVELOPMENT_TEAM = U6699R93G7;
				GCC_TREAT_WARNINGS_AS_ERRORS = NO;
				GENERATE_INFOPLIST_FILE = YES;
				INFOPLIST_FILE = "";
				INFOPLIST_KEY_UIApplicationSupportsIndirectInputEvents = YES;
				INFOPLIST_KEY_UILaunchStoryboardName = LaunchScreen;
				INFOPLIST_KEY_UIMainStoryboardFile = Main;
				INFOPLIST_KEY_UISupportedInterfaceOrientations_iPad = "UIInterfaceOrientationPortrait UIInterfaceOrientationPortraitUpsideDown UIInterfaceOrientationLandscapeLeft UIInterfaceOrientationLandscapeRight";
				INFOPLIST_KEY_UISupportedInterfaceOrientations_iPhone = "UIInterfaceOrientationPortrait UIInterfaceOrientationLandscapeLeft UIInterfaceOrientationLandscapeRight";
				IPHONEOS_DEPLOYMENT_TARGET = 11.0;
				LD_RUNPATH_SEARCH_PATHS = (
					"$(inherited)",
					"@executable_path/Frameworks",
				);
				MARKETING_VERSION = 1.0;
				PRODUCT_BUNDLE_IDENTIFIER = khalaydzhi.RouteToARM64SimSampleProject;
				PRODUCT_NAME = "$(TARGET_NAME)";
				SWIFT_EMIT_LOC_STRINGS = YES;
				SWIFT_OPTIMIZATION_LEVEL = "-Onone";
				SWIFT_VERSION = 5.0;
				TARGETED_DEVICE_FAMILY = "1,2";
			};
			name = Debug;
		};
		D24E437628E32894005C006A /* Release */ = {
			isa = XCBuildConfiguration;
			baseConfigurationReference = 4840650CD35B30A45BBA28DE /* Pods-RouteToARM64SimSampleProject.release.xcconfig */;
			buildSettings = {
				ASSETCATALOG_COMPILER_APPICON_NAME = AppIcon;
				ASSETCATALOG_COMPILER_GLOBAL_ACCENT_COLOR_NAME = AccentColor;
				CLANG_ENABLE_MODULES = YES;
				CODE_SIGN_STYLE = Automatic;
				CURRENT_PROJECT_VERSION = 1;
				DEVELOPMENT_TEAM = U6699R93G7;
				GCC_TREAT_WARNINGS_AS_ERRORS = NO;
				GENERATE_INFOPLIST_FILE = YES;
				INFOPLIST_FILE = "";
				INFOPLIST_KEY_UIApplicationSupportsIndirectInputEvents = YES;
				INFOPLIST_KEY_UILaunchStoryboardName = LaunchScreen;
				INFOPLIST_KEY_UIMainStoryboardFile = Main;
				INFOPLIST_KEY_UISupportedInterfaceOrientations_iPad = "UIInterfaceOrientationPortrait UIInterfaceOrientationPortraitUpsideDown UIInterfaceOrientationLandscapeLeft UIInterfaceOrientationLandscapeRight";
				INFOPLIST_KEY_UISupportedInterfaceOrientations_iPhone = "UIInterfaceOrientationPortrait UIInterfaceOrientationLandscapeLeft UIInterfaceOrientationLandscapeRight";
				IPHONEOS_DEPLOYMENT_TARGET = 11.0;
				LD_RUNPATH_SEARCH_PATHS = (
					"$(inherited)",
					"@executable_path/Frameworks",
				);
				MARKETING_VERSION = 1.0;
				PRODUCT_BUNDLE_IDENTIFIER = khalaydzhi.RouteToARM64SimSampleProject;
				PRODUCT_NAME = "$(TARGET_NAME)";
				SWIFT_EMIT_LOC_STRINGS = YES;
				SWIFT_VERSION = 5.0;
				TARGETED_DEVICE_FAMILY = "1,2";
			};
			name = Release;
		};
/* End XCBuildConfiguration section */

/* Begin XCConfigurationList section */
		D24E435B28E32892005C006A /* Build configuration list for PBXProject "RouteToARM64SimSampleProject" */ = {
			isa = XCConfigurationList;
			buildConfigurations = (
				D24E437228E32894005C006A /* Debug */,
				D24E437328E32894005C006A /* Release */,
			);
			defaultConfigurationIsVisible = 0;
			defaultConfigurationName = Release;
		};
		D24E437428E32894005C006A /* Build configuration list for PBXNativeTarget "RouteToARM64SimSampleProject" */ = {
			isa = XCConfigurationList;
			buildConfigurations = (
				D24E437528E32894005C006A /* Debug */,
				D24E437628E32894005C006A /* Release */,
			);
			defaultConfigurationIsVisible = 0;
			defaultConfigurationName = Release;
		};
/* End XCConfigurationList section */
	};
	rootObject = D24E435828E32892005C006A /* Project object */;
}
