PODS:
  - libyuv-iOS (1.0.2-xcframework)
  - MNN (1.2.0-xcframework)
  - mob_sharesdk (4.4.7-xcframework):
    - mob_sharesdk/ShareSDK (= 4.4.7-xcframework)
    - MOBFoundation (>= 3.2.9)
  - mob_sharesdk/ShareSDK (4.4.7-xcframework):
    - MOBFoundation (>= 3.2.9)
  - MOBFoundation (3.2.37-xcframework)

DEPENDENCIES:
  - libyuv-iOS (from `Modules/libyuv-iOS/libyuv-iOS.podspec.json`)
  - MNN (from `Modules/MNN/MNN.podspec.json`)
  - mob_sharesdk (from `Modules/mob_sharesdk/mob_sharesdk.podspec.json`)
  - MOBFoundation (from `Modules/MOBFoundation/MOBFoundation.podspec.json`)

EXTERNAL SOURCES:
  libyuv-iOS:
    :podspec: Modules/libyuv-iOS/libyuv-iOS.podspec.json
  MNN:
    :podspec: Modules/MNN/MNN.podspec.json
  mob_sharesdk:
    :podspec: Modules/mob_sharesdk/mob_sharesdk.podspec.json
  MOBFoundation:
    :podspec: Modules/MOBFoundation/MOBFoundation.podspec.json

SPEC CHECKSUMS:
  libyuv-iOS: 56a88b8a8baca804c821aaf0f95e9d64174bcda6
  MNN: db59af4e47105bcbd4a9db154102e633d11ee4c8
  mob_sharesdk: fa13e3b0aec44192f73387cb014ea8f3dc538dbc
  MOBFoundation: ac11ac0ab9b3323223e4977f9ba1d4395e3329f6

PODFILE CHECKSUM: d421d1a5b656e9c478a6742523be98719466caab

COCOAPODS: 1.11.3
