PODS:
  - libyuv-iOS (1.0.2)
  - MNN (1.2.0)
  - mob_sharesdk (4.4.7):
    - mob_sharesdk/ShareSDK (= 4.4.7)
    - MOBFoundation (>= 3.2.9)
  - mob_sharesdk/ShareSDK (4.4.7):
    - MOBFoundation (>= 3.2.9)
  - MOBFoundation (3.2.37)

DEPENDENCIES:
  - libyuv-iOS
  - MNN
  - mob_sharesdk

SPEC REPOS:
  trunk:
    - libyuv-iOS
    - MNN
    - mob_sharesdk
    - MOBFoundation

SPEC CHECKSUMS:
  libyuv-iOS: 5a154ccc84ec754029886ecb607512731fe30640
  MNN: 739ff11a06c52b26ea7040ccf743088108e83c9a
  mob_sharesdk: deee7b5a5299361889c884fc6ffc7aef12397298
  MOBFoundation: 2fcfc8b48bf311ace31e99c941b70f573c88880a

PODFILE CHECKSUM: a3cc64cca3a0300a8a69cbac876bcfef390d8e6e

COCOAPODS: 1.11.3
